
Microsoft Visual Studio Solution File, Format Version 12.00
# Visual Studio Version 16
VisualStudioVersion = 16.0.32802.440
MinimumVisualStudioVersion = 10.0.40219.1
Project("{FAE04EC0-301F-11D3-BF4B-00C04F79EFBC}") = "Arity.Web", "ArityApp\Arity.Web.csproj", "{9FB89459-FA4A-40B6-B1A9-B978F59604B6}"
EndProject
Project("{FAE04EC0-301F-11D3-BF4B-00C04F79EFBC}") = "Arity.Data", "Arity.Data\Arity.Data.csproj", "{A9784B16-FC7B-4456-8B34-8A89913F7C5D}"
EndProject
Project("{FAE04EC0-301F-11D3-BF4B-00C04F79EFBC}") = "Arity.Service", "Arity.Service\Arity.Service.csproj", "{D4BB6ADE-94D5-4DAA-9689-1EDFD03F7681}"
EndProject
Project("{FAE04EC0-301F-11D3-BF4B-00C04F79EFBC}") = "Arity.AutoMapper", "Arity.AutoMapper\Arity.AutoMapper.csproj", "{C8AF9EFB-1C14-463F-8591-DFDECE90FC28}"
EndProject
Project("{FAE04EC0-301F-11D3-BF4B-00C04F79EFBC}") = "Arity.Infra", "Arity.Infra\Arity.Infra.csproj", "{B7D84ABD-22A8-4DCC-A6E7-49432D161F5B}"
EndProject
Global
	GlobalSection(SolutionConfigurationPlatforms) = preSolution
		Debug|Any CPU = Debug|Any CPU
		Release|Any CPU = Release|Any CPU
	EndGlobalSection
	GlobalSection(ProjectConfigurationPlatforms) = postSolution
		{9FB89459-FA4A-40B6-B1A9-B978F59604B6}.Debug|Any CPU.ActiveCfg = Debug|Any CPU
		{9FB89459-FA4A-40B6-B1A9-B978F59604B6}.Debug|Any CPU.Build.0 = Debug|Any CPU
		{9FB89459-FA4A-40B6-B1A9-B978F59604B6}.Release|Any CPU.ActiveCfg = Release|Any CPU
		{9FB89459-FA4A-40B6-B1A9-B978F59604B6}.Release|Any CPU.Build.0 = Release|Any CPU
		{A9784B16-FC7B-4456-8B34-8A89913F7C5D}.Debug|Any CPU.ActiveCfg = Debug|Any CPU
		{A9784B16-FC7B-4456-8B34-8A89913F7C5D}.Debug|Any CPU.Build.0 = Debug|Any CPU
		{A9784B16-FC7B-4456-8B34-8A89913F7C5D}.Release|Any CPU.ActiveCfg = Release|Any CPU
		{A9784B16-FC7B-4456-8B34-8A89913F7C5D}.Release|Any CPU.Build.0 = Release|Any CPU
		{D4BB6ADE-94D5-4DAA-9689-1EDFD03F7681}.Debug|Any CPU.ActiveCfg = Debug|Any CPU
		{D4BB6ADE-94D5-4DAA-9689-1EDFD03F7681}.Debug|Any CPU.Build.0 = Debug|Any CPU
		{D4BB6ADE-94D5-4DAA-9689-1EDFD03F7681}.Release|Any CPU.ActiveCfg = Release|Any CPU
		{D4BB6ADE-94D5-4DAA-9689-1EDFD03F7681}.Release|Any CPU.Build.0 = Release|Any CPU
		{C8AF9EFB-1C14-463F-8591-DFDECE90FC28}.Debug|Any CPU.ActiveCfg = Debug|Any CPU
		{C8AF9EFB-1C14-463F-8591-DFDECE90FC28}.Debug|Any CPU.Build.0 = Debug|Any CPU
		{C8AF9EFB-1C14-463F-8591-DFDECE90FC28}.Release|Any CPU.ActiveCfg = Release|Any CPU
		{C8AF9EFB-1C14-463F-8591-DFDECE90FC28}.Release|Any CPU.Build.0 = Release|Any CPU
		{B7D84ABD-22A8-4DCC-A6E7-49432D161F5B}.Debug|Any CPU.ActiveCfg = Debug|Any CPU
		{B7D84ABD-22A8-4DCC-A6E7-49432D161F5B}.Debug|Any CPU.Build.0 = Debug|Any CPU
		{B7D84ABD-22A8-4DCC-A6E7-49432D161F5B}.Release|Any CPU.ActiveCfg = Release|Any CPU
		{B7D84ABD-22A8-4DCC-A6E7-49432D161F5B}.Release|Any CPU.Build.0 = Release|Any CPU
	EndGlobalSection
	GlobalSection(SolutionProperties) = preSolution
		HideSolutionNode = FALSE
	EndGlobalSection
	GlobalSection(ExtensibilityGlobals) = postSolution
		SolutionGuid = {E71FC12A-7199-4A00-A9B4-811DB6D8EE8D}
	EndGlobalSection
EndGlobal
